
Microsoft Visual Studio Solution File, Format Version 12.00
# Visual Studio 2012
Project("{FAE04EC0-301F-11D3-BF4B-00C04F79EFBC}") = "OpenTokCore", "OpenTokCore\OpenTokCore.csproj", "{F61D2995-0B01-4590-BE30-62E3D0FD65B9}"
EndProject
Project("{FAE04EC0-301F-11D3-BF4B-00C04F79EFBC}") = "TokTest", "TokTest\TokTest.csproj", "{82127C3F-5092-4F91-8AAC-EC6DE4A416A9}"
EndProject
Global
	GlobalSection(SolutionConfigurationPlatforms) = preSolution
		Debug|Any CPU = Debug|Any CPU
		Release|Any CPU = Release|Any CPU
	EndGlobalSection
	GlobalSection(ProjectConfigurationPlatforms) = postSolution
		{F61D2995-0B01-4590-BE30-62E3D0FD65B9}.Debug|Any CPU.ActiveCfg = Debug|Any CPU
		{F61D2995-0B01-4590-BE30-62E3D0FD65B9}.Debug|Any CPU.Build.0 = Debug|Any CPU
		{F61D2995-0B01-4590-BE30-62E3D0FD65B9}.Release|Any CPU.ActiveCfg = Release|Any CPU
		{F61D2995-0B01-4590-BE30-62E3D0FD65B9}.Release|Any CPU.Build.0 = Release|Any CPU
		{82127C3F-5092-4F91-8AAC-EC6DE4A416A9}.Debug|Any CPU.ActiveCfg = Debug|Any CPU
		{82127C3F-5092-4F91-8AAC-EC6DE4A416A9}.Debug|Any CPU.Build.0 = Debug|Any CPU
		{82127C3F-5092-4F91-8AAC-EC6DE4A416A9}.Release|Any CPU.ActiveCfg = Release|Any CPU
		{82127C3F-5092-4F91-8AAC-EC6DE4A416A9}.Release|Any CPU.Build.0 = Release|Any CPU
	EndGlobalSection
EndGlobal
